// !$*UTF8*$!
{
	archiveVersion = 1;
	classes = {
	};
	objectVersion = 60;
	objects = {

/* Begin PBXBuildFile section */
		92AC68B22C3AF8D0005B1FD9 /* MovieSearchRequest.swift in Sources */ = {isa = PBXBuildFile; fileRef = 92AC68B12C3AF8D0005B1FD9 /* MovieSearchRequest.swift */; };
		92AC68B42C3B0B06005B1FD9 /* String+Extension.swift in Sources */ = {isa = PBXBuildFile; fileRef = 92AC68B32C3B0B06005B1FD9 /* String+Extension.swift */; };
		92AC68BB2C3B35D5005B1FD9 /* MovieListUseCaseMock.swift in Sources */ = {isa = PBXBuildFile; fileRef = 92AC68BA2C3B35D5005B1FD9 /* MovieListUseCaseMock.swift */; };
		92AC68BD2C3B376A005B1FD9 /* MovieListViewModelTests.swift in Sources */ = {isa = PBXBuildFile; fileRef = 92AC68BC2C3B376A005B1FD9 /* MovieListViewModelTests.swift */; };
		92AC68BF2C3B4284005B1FD9 /* MovieDetailsViewModelTests.swift in Sources */ = {isa = PBXBuildFile; fileRef = 92AC68BE2C3B4284005B1FD9 /* MovieDetailsViewModelTests.swift */; };
		92AC68C12C3B429A005B1FD9 /* MovieDetailsUseCaseMock.swift in Sources */ = {isa = PBXBuildFile; fileRef = 92AC68C02C3B429A005B1FD9 /* MovieDetailsUseCaseMock.swift */; };
		92AC68C32C3B4C21005B1FD9 /* Int+Extension.swift in Sources */ = {isa = PBXBuildFile; fileRef = 92AC68C22C3B4C21005B1FD9 /* Int+Extension.swift */; };
		92AC68C52C3B5053005B1FD9 /* Double+Extension.swift in Sources */ = {isa = PBXBuildFile; fileRef = 92AC68C42C3B5053005B1FD9 /* Double+Extension.swift */; };
		92D57BFA2C3A007A001BC939 /* MovieDetailsViewController.storyboard in Resources */ = {isa = PBXBuildFile; fileRef = 92D57BF92C3A007A001BC939 /* MovieDetailsViewController.storyboard */; };
		92DB1F342C3968B900B7D993 /* AppDelegate.swift in Sources */ = {isa = PBXBuildFile; fileRef = 92DB1F332C3968B900B7D993 /* AppDelegate.swift */; };
		92DB1F362C3968B900B7D993 /* SceneDelegate.swift in Sources */ = {isa = PBXBuildFile; fileRef = 92DB1F352C3968B900B7D993 /* SceneDelegate.swift */; };
		92DB1F3B2C3968B900B7D993 /* Base in Resources */ = {isa = PBXBuildFile; fileRef = 92DB1F3A2C3968B900B7D993 /* Base */; };
		92DB1F3D2C3968BB00B7D993 /* Assets.xcassets in Resources */ = {isa = PBXBuildFile; fileRef = 92DB1F3C2C3968BB00B7D993 /* Assets.xcassets */; };
		92DB1F402C3968BB00B7D993 /* Base in Resources */ = {isa = PBXBuildFile; fileRef = 92DB1F3F2C3968BB00B7D993 /* Base */; };
		92DB1F552C3968BB00B7D993 /* VamaMoviesUITests.swift in Sources */ = {isa = PBXBuildFile; fileRef = 92DB1F542C3968BB00B7D993 /* VamaMoviesUITests.swift */; };
		92DB1F572C3968BB00B7D993 /* VamaMoviesUITestsLaunchTests.swift in Sources */ = {isa = PBXBuildFile; fileRef = 92DB1F562C3968BB00B7D993 /* VamaMoviesUITestsLaunchTests.swift */; };
		92DB1F702C396D0200B7D993 /* VamaNetworking in Frameworks */ = {isa = PBXBuildFile; productRef = 92DB1F6F2C396D0200B7D993 /* VamaNetworking */; };
		92DB1F772C396FAB00B7D993 /* MovieListUseCase.swift in Sources */ = {isa = PBXBuildFile; fileRef = 92DB1F762C396FAB00B7D993 /* MovieListUseCase.swift */; };
		92DB1F7B2C39715F00B7D993 /* MovieEntity.swift in Sources */ = {isa = PBXBuildFile; fileRef = 92DB1F7A2C39715F00B7D993 /* MovieEntity.swift */; };
		92DB1F7F2C39718700B7D993 /* MovieResultEntity.swift in Sources */ = {isa = PBXBuildFile; fileRef = 92DB1F7E2C39718700B7D993 /* MovieResultEntity.swift */; };
		92DB1F812C39719900B7D993 /* MovieDetailsEntity.swift in Sources */ = {isa = PBXBuildFile; fileRef = 92DB1F802C39719900B7D993 /* MovieDetailsEntity.swift */; };
		92DB1F832C3971CE00B7D993 /* MovieDetailsUseCase.swift in Sources */ = {isa = PBXBuildFile; fileRef = 92DB1F822C3971CE00B7D993 /* MovieDetailsUseCase.swift */; };
		92DB1F862C39725600B7D993 /* MovieModel.swift in Sources */ = {isa = PBXBuildFile; fileRef = 92DB1F852C39725600B7D993 /* MovieModel.swift */; };
		92DB1F882C39726700B7D993 /* MovieDetailsModel.swift in Sources */ = {isa = PBXBuildFile; fileRef = 92DB1F872C39726700B7D993 /* MovieDetailsModel.swift */; };
		92DB1F8B2C39731E00B7D993 /* MovieListRepository.swift in Sources */ = {isa = PBXBuildFile; fileRef = 92DB1F8A2C39731E00B7D993 /* MovieListRepository.swift */; };
		92DB1F8D2C39732500B7D993 /* MovieDetailsRepository.swift in Sources */ = {isa = PBXBuildFile; fileRef = 92DB1F8C2C39732500B7D993 /* MovieDetailsRepository.swift */; };
		92DB1F902C39750B00B7D993 /* NetworkConstants.swift in Sources */ = {isa = PBXBuildFile; fileRef = 92DB1F8F2C39750B00B7D993 /* NetworkConstants.swift */; };
		92DB1F932C39754A00B7D993 /* MovieListRequest.swift in Sources */ = {isa = PBXBuildFile; fileRef = 92DB1F922C39754A00B7D993 /* MovieListRequest.swift */; };
		92DB1F952C39757700B7D993 /* MovieDetailsRequest.swift in Sources */ = {isa = PBXBuildFile; fileRef = 92DB1F942C39757700B7D993 /* MovieDetailsRequest.swift */; };
		92DB1F9A2C3986B400B7D993 /* MovieViewFactory.swift in Sources */ = {isa = PBXBuildFile; fileRef = 92DB1F992C3986B400B7D993 /* MovieViewFactory.swift */; };
		92DB1F9C2C39875C00B7D993 /* AppCoordinator.swift in Sources */ = {isa = PBXBuildFile; fileRef = 92DB1F9B2C39875C00B7D993 /* AppCoordinator.swift */; };
		92DB1FA12C39884D00B7D993 /* MovieListViewModel.swift in Sources */ = {isa = PBXBuildFile; fileRef = 92DB1FA02C39884D00B7D993 /* MovieListViewModel.swift */; };
		92DB1FA32C39888700B7D993 /* MovieListViewController.swift in Sources */ = {isa = PBXBuildFile; fileRef = 92DB1FA22C39888700B7D993 /* MovieListViewController.swift */; };
		92DB1FA72C398AA800B7D993 /* MovieCell.swift in Sources */ = {isa = PBXBuildFile; fileRef = 92DB1FA62C398AA800B7D993 /* MovieCell.swift */; };
		92DB1FAA2C398D6D00B7D993 /* UIImageView+Extension.swift in Sources */ = {isa = PBXBuildFile; fileRef = 92DB1FA92C398D6D00B7D993 /* UIImageView+Extension.swift */; };
		92DB1FAE2C39ED3A00B7D993 /* StoryboardInstantiable.swift in Sources */ = {isa = PBXBuildFile; fileRef = 92DB1FAD2C39ED3A00B7D993 /* StoryboardInstantiable.swift */; };
		92DB1FB62C39FC6B00B7D993 /* MovieDetailsViewController.swift in Sources */ = {isa = PBXBuildFile; fileRef = 92DB1FB52C39FC6B00B7D993 /* MovieDetailsViewController.swift */; };
		92DB1FB82C39FDD500B7D993 /* MovieDetailsViewModel.swift in Sources */ = {isa = PBXBuildFile; fileRef = 92DB1FB72C39FDD500B7D993 /* MovieDetailsViewModel.swift */; };
/* End PBXBuildFile section */

/* Begin PBXContainerItemProxy section */
		92DB1F472C3968BB00B7D993 /* PBXContainerItemProxy */ = {
			isa = PBXContainerItemProxy;
			containerPortal = 92DB1F282C3968B900B7D993 /* Project object */;
			proxyType = 1;
			remoteGlobalIDString = 92DB1F2F2C3968B900B7D993;
			remoteInfo = VamaMovies;
		};
		92DB1F512C3968BB00B7D993 /* PBXContainerItemProxy */ = {
			isa = PBXContainerItemProxy;
			containerPortal = 92DB1F282C3968B900B7D993 /* Project object */;
			proxyType = 1;
			remoteGlobalIDString = 92DB1F2F2C3968B900B7D993;
			remoteInfo = VamaMovies;
		};
/* End PBXContainerItemProxy section */

/* Begin PBXFileReference section */
		92AC68B12C3AF8D0005B1FD9 /* MovieSearchRequest.swift */ = {isa = PBXFileReference; lastKnownFileType = sourcecode.swift; path = MovieSearchRequest.swift; sourceTree = "<group>"; };
		92AC68B32C3B0B06005B1FD9 /* String+Extension.swift */ = {isa = PBXFileReference; lastKnownFileType = sourcecode.swift; path = "String+Extension.swift"; sourceTree = "<group>"; };
		92AC68BA2C3B35D5005B1FD9 /* MovieListUseCaseMock.swift */ = {isa = PBXFileReference; lastKnownFileType = sourcecode.swift; path = MovieListUseCaseMock.swift; sourceTree = "<group>"; };
		92AC68BC2C3B376A005B1FD9 /* MovieListViewModelTests.swift */ = {isa = PBXFileReference; lastKnownFileType = sourcecode.swift; path = MovieListViewModelTests.swift; sourceTree = "<group>"; };
		92AC68BE2C3B4284005B1FD9 /* MovieDetailsViewModelTests.swift */ = {isa = PBXFileReference; lastKnownFileType = sourcecode.swift; path = MovieDetailsViewModelTests.swift; sourceTree = "<group>"; };
		92AC68C02C3B429A005B1FD9 /* MovieDetailsUseCaseMock.swift */ = {isa = PBXFileReference; lastKnownFileType = sourcecode.swift; path = MovieDetailsUseCaseMock.swift; sourceTree = "<group>"; };
		92AC68C22C3B4C21005B1FD9 /* Int+Extension.swift */ = {isa = PBXFileReference; lastKnownFileType = sourcecode.swift; path = "Int+Extension.swift"; sourceTree = "<group>"; };
		92AC68C42C3B5053005B1FD9 /* Double+Extension.swift */ = {isa = PBXFileReference; lastKnownFileType = sourcecode.swift; path = "Double+Extension.swift"; sourceTree = "<group>"; };
		92D57BF92C3A007A001BC939 /* MovieDetailsViewController.storyboard */ = {isa = PBXFileReference; lastKnownFileType = file.storyboard; path = MovieDetailsViewController.storyboard; sourceTree = "<group>"; };
		92DB1F302C3968B900B7D993 /* VamaMovies.app */ = {isa = PBXFileReference; explicitFileType = wrapper.application; includeInIndex = 0; path = VamaMovies.app; sourceTree = BUILT_PRODUCTS_DIR; };
		92DB1F332C3968B900B7D993 /* AppDelegate.swift */ = {isa = PBXFileReference; lastKnownFileType = sourcecode.swift; path = AppDelegate.swift; sourceTree = "<group>"; };
		92DB1F352C3968B900B7D993 /* SceneDelegate.swift */ = {isa = PBXFileReference; lastKnownFileType = sourcecode.swift; path = SceneDelegate.swift; sourceTree = "<group>"; };
		92DB1F3A2C3968B900B7D993 /* Base */ = {isa = PBXFileReference; lastKnownFileType = file.storyboard; name = Base; path = Base.lproj/MovieListViewController.storyboard; sourceTree = "<group>"; };
		92DB1F3C2C3968BB00B7D993 /* Assets.xcassets */ = {isa = PBXFileReference; lastKnownFileType = folder.assetcatalog; path = Assets.xcassets; sourceTree = "<group>"; };
		92DB1F3F2C3968BB00B7D993 /* Base */ = {isa = PBXFileReference; lastKnownFileType = file.storyboard; name = Base; path = Base.lproj/LaunchScreen.storyboard; sourceTree = "<group>"; };
		92DB1F412C3968BB00B7D993 /* Info.plist */ = {isa = PBXFileReference; lastKnownFileType = text.plist.xml; path = Info.plist; sourceTree = "<group>"; };
		92DB1F462C3968BB00B7D993 /* VamaMoviesTests.xctest */ = {isa = PBXFileReference; explicitFileType = wrapper.cfbundle; includeInIndex = 0; path = VamaMoviesTests.xctest; sourceTree = BUILT_PRODUCTS_DIR; };
		92DB1F502C3968BB00B7D993 /* VamaMoviesUITests.xctest */ = {isa = PBXFileReference; explicitFileType = wrapper.cfbundle; includeInIndex = 0; path = VamaMoviesUITests.xctest; sourceTree = BUILT_PRODUCTS_DIR; };
		92DB1F542C3968BB00B7D993 /* VamaMoviesUITests.swift */ = {isa = PBXFileReference; lastKnownFileType = sourcecode.swift; path = VamaMoviesUITests.swift; sourceTree = "<group>"; };
		92DB1F562C3968BB00B7D993 /* VamaMoviesUITestsLaunchTests.swift */ = {isa = PBXFileReference; lastKnownFileType = sourcecode.swift; path = VamaMoviesUITestsLaunchTests.swift; sourceTree = "<group>"; };
		92DB1F762C396FAB00B7D993 /* MovieListUseCase.swift */ = {isa = PBXFileReference; lastKnownFileType = sourcecode.swift; path = MovieListUseCase.swift; sourceTree = "<group>"; };
		92DB1F7A2C39715F00B7D993 /* MovieEntity.swift */ = {isa = PBXFileReference; lastKnownFileType = sourcecode.swift; path = MovieEntity.swift; sourceTree = "<group>"; };
		92DB1F7E2C39718700B7D993 /* MovieResultEntity.swift */ = {isa = PBXFileReference; lastKnownFileType = sourcecode.swift; path = MovieResultEntity.swift; sourceTree = "<group>"; };
		92DB1F802C39719900B7D993 /* MovieDetailsEntity.swift */ = {isa = PBXFileReference; lastKnownFileType = sourcecode.swift; path = MovieDetailsEntity.swift; sourceTree = "<group>"; };
		92DB1F822C3971CE00B7D993 /* MovieDetailsUseCase.swift */ = {isa = PBXFileReference; lastKnownFileType = sourcecode.swift; path = MovieDetailsUseCase.swift; sourceTree = "<group>"; };
		92DB1F852C39725600B7D993 /* MovieModel.swift */ = {isa = PBXFileReference; lastKnownFileType = sourcecode.swift; path = MovieModel.swift; sourceTree = "<group>"; };
		92DB1F872C39726700B7D993 /* MovieDetailsModel.swift */ = {isa = PBXFileReference; lastKnownFileType = sourcecode.swift; path = MovieDetailsModel.swift; sourceTree = "<group>"; };
		92DB1F8A2C39731E00B7D993 /* MovieListRepository.swift */ = {isa = PBXFileReference; lastKnownFileType = sourcecode.swift; path = MovieListRepository.swift; sourceTree = "<group>"; };
		92DB1F8C2C39732500B7D993 /* MovieDetailsRepository.swift */ = {isa = PBXFileReference; lastKnownFileType = sourcecode.swift; path = MovieDetailsRepository.swift; sourceTree = "<group>"; };
		92DB1F8F2C39750B00B7D993 /* NetworkConstants.swift */ = {isa = PBXFileReference; lastKnownFileType = sourcecode.swift; path = NetworkConstants.swift; sourceTree = "<group>"; };
		92DB1F922C39754A00B7D993 /* MovieListRequest.swift */ = {isa = PBXFileReference; lastKnownFileType = sourcecode.swift; path = MovieListRequest.swift; sourceTree = "<group>"; };
		92DB1F942C39757700B7D993 /* MovieDetailsRequest.swift */ = {isa = PBXFileReference; lastKnownFileType = sourcecode.swift; path = MovieDetailsRequest.swift; sourceTree = "<group>"; };
		92DB1F992C3986B400B7D993 /* MovieViewFactory.swift */ = {isa = PBXFileReference; lastKnownFileType = sourcecode.swift; path = MovieViewFactory.swift; sourceTree = "<group>"; };
		92DB1F9B2C39875C00B7D993 /* AppCoordinator.swift */ = {isa = PBXFileReference; lastKnownFileType = sourcecode.swift; path = AppCoordinator.swift; sourceTree = "<group>"; };
		92DB1FA02C39884D00B7D993 /* MovieListViewModel.swift */ = {isa = PBXFileReference; lastKnownFileType = sourcecode.swift; path = MovieListViewModel.swift; sourceTree = "<group>"; };
		92DB1FA22C39888700B7D993 /* MovieListViewController.swift */ = {isa = PBXFileReference; lastKnownFileType = sourcecode.swift; path = MovieListViewController.swift; sourceTree = "<group>"; };
		92DB1FA62C398AA800B7D993 /* MovieCell.swift */ = {isa = PBXFileReference; lastKnownFileType = sourcecode.swift; path = MovieCell.swift; sourceTree = "<group>"; };
		92DB1FA92C398D6D00B7D993 /* UIImageView+Extension.swift */ = {isa = PBXFileReference; lastKnownFileType = sourcecode.swift; path = "UIImageView+Extension.swift"; sourceTree = "<group>"; };
		92DB1FAD2C39ED3A00B7D993 /* StoryboardInstantiable.swift */ = {isa = PBXFileReference; lastKnownFileType = sourcecode.swift; path = StoryboardInstantiable.swift; sourceTree = "<group>"; };
		92DB1FB52C39FC6B00B7D993 /* MovieDetailsViewController.swift */ = {isa = PBXFileReference; lastKnownFileType = sourcecode.swift; path = MovieDetailsViewController.swift; sourceTree = "<group>"; };
		92DB1FB72C39FDD500B7D993 /* MovieDetailsViewModel.swift */ = {isa = PBXFileReference; lastKnownFileType = sourcecode.swift; path = MovieDetailsViewModel.swift; sourceTree = "<group>"; };
/* End PBXFileReference section */

/* Begin PBXFrameworksBuildPhase section */
		92DB1F2D2C3968B900B7D993 /* Frameworks */ = {
			isa = PBXFrameworksBuildPhase;
			buildActionMask = 2147483647;
			files = (
				92DB1F702C396D0200B7D993 /* VamaNetworking in Frameworks */,
			);
			runOnlyForDeploymentPostprocessing = 0;
		};
		92DB1F432C3968BB00B7D993 /* Frameworks */ = {
			isa = PBXFrameworksBuildPhase;
			buildActionMask = 2147483647;
			files = (
			);
			runOnlyForDeploymentPostprocessing = 0;
		};
		92DB1F4D2C3968BB00B7D993 /* Frameworks */ = {
			isa = PBXFrameworksBuildPhase;
			buildActionMask = 2147483647;
			files = (
			);
			runOnlyForDeploymentPostprocessing = 0;
		};
/* End PBXFrameworksBuildPhase section */

/* Begin PBXGroup section */
		92AC68B72C3B356E005B1FD9 /* Mock */ = {
			isa = PBXGroup;
			children = (
				92AC68BA2C3B35D5005B1FD9 /* MovieListUseCaseMock.swift */,
				92AC68C02C3B429A005B1FD9 /* MovieDetailsUseCaseMock.swift */,
			);
			path = Mock;
			sourceTree = "<group>";
		};
		92AC68C62C3B58D1005B1FD9 /* Resources */ = {
			isa = PBXGroup;
			children = (
				92DB1F3C2C3968BB00B7D993 /* Assets.xcassets */,
				92DB1F3E2C3968BB00B7D993 /* LaunchScreen.storyboard */,
				92DB1F412C3968BB00B7D993 /* Info.plist */,
			);
			path = Resources;
			sourceTree = "<group>";
		};
		92DB1F272C3968B900B7D993 = {
			isa = PBXGroup;
			children = (
				92DB1F322C3968B900B7D993 /* VamaMovies */,
				92DB1F492C3968BB00B7D993 /* VamaMoviesTests */,
				92DB1F532C3968BB00B7D993 /* VamaMoviesUITests */,
				92DB1F312C3968B900B7D993 /* Products */,
			);
			sourceTree = "<group>";
		};
		92DB1F312C3968B900B7D993 /* Products */ = {
			isa = PBXGroup;
			children = (
				92DB1F302C3968B900B7D993 /* VamaMovies.app */,
				92DB1F462C3968BB00B7D993 /* VamaMoviesTests.xctest */,
				92DB1F502C3968BB00B7D993 /* VamaMoviesUITests.xctest */,
			);
			name = Products;
			sourceTree = "<group>";
		};
		92DB1F322C3968B900B7D993 /* VamaMovies */ = {
			isa = PBXGroup;
			children = (
				92AC68C62C3B58D1005B1FD9 /* Resources */,
				92DB1F712C396D9600B7D993 /* App */,
				92DB1F742C396D9E00B7D993 /* Data */,
				92DB1F722C396D9800B7D993 /* Domain */,
				92DB1F732C396D9B00B7D993 /* Presentation */,
				92DB1FAB2C39ECD700B7D993 /* Utils */,
			);
			path = VamaMovies;
			sourceTree = "<group>";
		};
		92DB1F492C3968BB00B7D993 /* VamaMoviesTests */ = {
			isa = PBXGroup;
			children = (
				92AC68B72C3B356E005B1FD9 /* Mock */,
				92AC68BC2C3B376A005B1FD9 /* MovieListViewModelTests.swift */,
				92AC68BE2C3B4284005B1FD9 /* MovieDetailsViewModelTests.swift */,
			);
			path = VamaMoviesTests;
			sourceTree = "<group>";
		};
		92DB1F532C3968BB00B7D993 /* VamaMoviesUITests */ = {
			isa = PBXGroup;
			children = (
				92DB1F542C3968BB00B7D993 /* VamaMoviesUITests.swift */,
				92DB1F562C3968BB00B7D993 /* VamaMoviesUITestsLaunchTests.swift */,
			);
			path = VamaMoviesUITests;
			sourceTree = "<group>";
		};
		92DB1F712C396D9600B7D993 /* App */ = {
			isa = PBXGroup;
			children = (
				92DB1F332C3968B900B7D993 /* AppDelegate.swift */,
				92DB1F352C3968B900B7D993 /* SceneDelegate.swift */,
			);
			path = App;
			sourceTree = "<group>";
		};
		92DB1F722C396D9800B7D993 /* Domain */ = {
			isa = PBXGroup;
			children = (
				92DB1F782C396FE900B7D993 /* Entities */,
				92DB1F752C396EEA00B7D993 /* UseCases */,
			);
			path = Domain;
			sourceTree = "<group>";
		};
		92DB1F732C396D9B00B7D993 /* Presentation */ = {
			isa = PBXGroup;
			children = (
				92DB1F962C3985C900B7D993 /* AppCoordinator */,
				92DB1F972C3985CF00B7D993 /* Factory */,
				92DB1F982C3985DF00B7D993 /* MovieScene */,
			);
			path = Presentation;
			sourceTree = "<group>";
		};
		92DB1F742C396D9E00B7D993 /* Data */ = {
			isa = PBXGroup;
			children = (
				92DB1F912C39754100B7D993 /* Requests */,
				92DB1F8E2C39747E00B7D993 /* NetworkConstants */,
				92DB1F892C39730F00B7D993 /* Repository */,
				92DB1F842C3971E800B7D993 /* DTO */,
			);
			path = Data;
			sourceTree = "<group>";
		};
		92DB1F752C396EEA00B7D993 /* UseCases */ = {
			isa = PBXGroup;
			children = (
				92DB1F762C396FAB00B7D993 /* MovieListUseCase.swift */,
				92DB1F822C3971CE00B7D993 /* MovieDetailsUseCase.swift */,
			);
			path = UseCases;
			sourceTree = "<group>";
		};
		92DB1F782C396FE900B7D993 /* Entities */ = {
			isa = PBXGroup;
			children = (
				92DB1F7A2C39715F00B7D993 /* MovieEntity.swift */,
				92DB1F802C39719900B7D993 /* MovieDetailsEntity.swift */,
				92DB1F7E2C39718700B7D993 /* MovieResultEntity.swift */,
			);
			path = Entities;
			sourceTree = "<group>";
		};
		92DB1F842C3971E800B7D993 /* DTO */ = {
			isa = PBXGroup;
			children = (
				92DB1F852C39725600B7D993 /* MovieModel.swift */,
				92DB1F872C39726700B7D993 /* MovieDetailsModel.swift */,
			);
			path = DTO;
			sourceTree = "<group>";
		};
		92DB1F892C39730F00B7D993 /* Repository */ = {
			isa = PBXGroup;
			children = (
				92DB1F8A2C39731E00B7D993 /* MovieListRepository.swift */,
				92DB1F8C2C39732500B7D993 /* MovieDetailsRepository.swift */,
			);
			path = Repository;
			sourceTree = "<group>";
		};
		92DB1F8E2C39747E00B7D993 /* NetworkConstants */ = {
			isa = PBXGroup;
			children = (
				92DB1F8F2C39750B00B7D993 /* NetworkConstants.swift */,
			);
			path = NetworkConstants;
			sourceTree = "<group>";
		};
		92DB1F912C39754100B7D993 /* Requests */ = {
			isa = PBXGroup;
			children = (
				92DB1F922C39754A00B7D993 /* MovieListRequest.swift */,
				92DB1F942C39757700B7D993 /* MovieDetailsRequest.swift */,
				92AC68B12C3AF8D0005B1FD9 /* MovieSearchRequest.swift */,
			);
			path = Requests;
			sourceTree = "<group>";
		};
		92DB1F962C3985C900B7D993 /* AppCoordinator */ = {
			isa = PBXGroup;
			children = (
				92DB1F9B2C39875C00B7D993 /* AppCoordinator.swift */,
			);
			path = AppCoordinator;
			sourceTree = "<group>";
		};
		92DB1F972C3985CF00B7D993 /* Factory */ = {
			isa = PBXGroup;
			children = (
				92DB1F992C3986B400B7D993 /* MovieViewFactory.swift */,
			);
			path = Factory;
			sourceTree = "<group>";
		};
		92DB1F982C3985DF00B7D993 /* MovieScene */ = {
			isa = PBXGroup;
			children = (
				92DB1F9D2C3987D600B7D993 /* MovieList */,
				92DB1F9E2C3987DD00B7D993 /* MovieDetails */,
			);
			path = MovieScene;
			sourceTree = "<group>";
		};
		92DB1F9D2C3987D600B7D993 /* MovieList */ = {
			isa = PBXGroup;
			children = (
				92DB1FA52C398A6100B7D993 /* ViewModel */,
				92DB1FA42C398A5E00B7D993 /* View */,
			);
			path = MovieList;
			sourceTree = "<group>";
		};
		92DB1F9E2C3987DD00B7D993 /* MovieDetails */ = {
			isa = PBXGroup;
			children = (
				92DB1FB42C39FC5300B7D993 /* View */,
				92DB1FB32C39FC4600B7D993 /* ViewModel */,
			);
			path = MovieDetails;
			sourceTree = "<group>";
		};
		92DB1FA42C398A5E00B7D993 /* View */ = {
			isa = PBXGroup;
			children = (
				92DB1F392C3968B900B7D993 /* MovieListViewController.storyboard */,
				92DB1FA22C39888700B7D993 /* MovieListViewController.swift */,
				92DB1FA62C398AA800B7D993 /* MovieCell.swift */,
			);
			path = View;
			sourceTree = "<group>";
		};
		92DB1FA52C398A6100B7D993 /* ViewModel */ = {
			isa = PBXGroup;
			children = (
				92DB1FA02C39884D00B7D993 /* MovieListViewModel.swift */,
			);
			path = ViewModel;
			sourceTree = "<group>";
		};
		92DB1FA82C398D5E00B7D993 /* Extensions */ = {
			isa = PBXGroup;
			children = (
				92DB1FA92C398D6D00B7D993 /* UIImageView+Extension.swift */,
				92AC68B32C3B0B06005B1FD9 /* String+Extension.swift */,
				92AC68C22C3B4C21005B1FD9 /* Int+Extension.swift */,
				92AC68C42C3B5053005B1FD9 /* Double+Extension.swift */,
			);
			path = Extensions;
			sourceTree = "<group>";
		};
		92DB1FAB2C39ECD700B7D993 /* Utils */ = {
			isa = PBXGroup;
			children = (
				92DB1FAC2C39ED2B00B7D993 /* Protocols */,
				92DB1FA82C398D5E00B7D993 /* Extensions */,
			);
			path = Utils;
			sourceTree = "<group>";
		};
		92DB1FAC2C39ED2B00B7D993 /* Protocols */ = {
			isa = PBXGroup;
			children = (
				92DB1FAD2C39ED3A00B7D993 /* StoryboardInstantiable.swift */,
			);
			path = Protocols;
			sourceTree = "<group>";
		};
		92DB1FB32C39FC4600B7D993 /* ViewModel */ = {
			isa = PBXGroup;
			children = (
				92DB1FB72C39FDD500B7D993 /* MovieDetailsViewModel.swift */,
			);
			path = ViewModel;
			sourceTree = "<group>";
		};
		92DB1FB42C39FC5300B7D993 /* View */ = {
			isa = PBXGroup;
			children = (
				92DB1FB52C39FC6B00B7D993 /* MovieDetailsViewController.swift */,
				92D57BF92C3A007A001BC939 /* MovieDetailsViewController.storyboard */,
			);
			path = View;
			sourceTree = "<group>";
		};
/* End PBXGroup section */

/* Begin PBXNativeTarget section */
		92DB1F2F2C3968B900B7D993 /* VamaMovies */ = {
			isa = PBXNativeTarget;
			buildConfigurationList = 92DB1F5A2C3968BB00B7D993 /* Build configuration list for PBXNativeTarget "VamaMovies" */;
			buildPhases = (
				92DB1F2C2C3968B900B7D993 /* Sources */,
				92DB1F2D2C3968B900B7D993 /* Frameworks */,
				92DB1F2E2C3968B900B7D993 /* Resources */,
			);
			buildRules = (
			);
			dependencies = (
			);
			name = VamaMovies;
			packageProductDependencies = (
				92DB1F6F2C396D0200B7D993 /* VamaNetworking */,
			);
			productName = VamaMovies;
			productReference = 92DB1F302C3968B900B7D993 /* VamaMovies.app */;
			productType = "com.apple.product-type.application";
		};
		92DB1F452C3968BB00B7D993 /* VamaMoviesTests */ = {
			isa = PBXNativeTarget;
			buildConfigurationList = 92DB1F5D2C3968BB00B7D993 /* Build configuration list for PBXNativeTarget "VamaMoviesTests" */;
			buildPhases = (
				92DB1F422C3968BB00B7D993 /* Sources */,
				92DB1F432C3968BB00B7D993 /* Frameworks */,
				92DB1F442C3968BB00B7D993 /* Resources */,
			);
			buildRules = (
			);
			dependencies = (
				92DB1F482C3968BB00B7D993 /* PBXTargetDependency */,
			);
			name = VamaMoviesTests;
			productName = VamaMoviesTests;
			productReference = 92DB1F462C3968BB00B7D993 /* VamaMoviesTests.xctest */;
			productType = "com.apple.product-type.bundle.unit-test";
		};
		92DB1F4F2C3968BB00B7D993 /* VamaMoviesUITests */ = {
			isa = PBXNativeTarget;
			buildConfigurationList = 92DB1F602C3968BB00B7D993 /* Build configuration list for PBXNativeTarget "VamaMoviesUITests" */;
			buildPhases = (
				92DB1F4C2C3968BB00B7D993 /* Sources */,
				92DB1F4D2C3968BB00B7D993 /* Frameworks */,
				92DB1F4E2C3968BB00B7D993 /* Resources */,
			);
			buildRules = (
			);
			dependencies = (
				92DB1F522C3968BB00B7D993 /* PBXTargetDependency */,
			);
			name = VamaMoviesUITests;
			productName = VamaMoviesUITests;
			productReference = 92DB1F502C3968BB00B7D993 /* VamaMoviesUITests.xctest */;
			productType = "com.apple.product-type.bundle.ui-testing";
		};
/* End PBXNativeTarget section */

/* Begin PBXProject section */
		92DB1F282C3968B900B7D993 /* Project object */ = {
			isa = PBXProject;
			attributes = {
				BuildIndependentTargetsInParallel = 1;
				LastSwiftUpdateCheck = 1540;
				LastUpgradeCheck = 1540;
				TargetAttributes = {
					92DB1F2F2C3968B900B7D993 = {
						CreatedOnToolsVersion = 15.4;
					};
					92DB1F452C3968BB00B7D993 = {
						CreatedOnToolsVersion = 15.4;
						TestTargetID = 92DB1F2F2C3968B900B7D993;
					};
					92DB1F4F2C3968BB00B7D993 = {
						CreatedOnToolsVersion = 15.4;
						TestTargetID = 92DB1F2F2C3968B900B7D993;
					};
				};
			};
			buildConfigurationList = 92DB1F2B2C3968B900B7D993 /* Build configuration list for PBXProject "VamaMovies" */;
			compatibilityVersion = "Xcode 14.0";
			developmentRegion = en;
			hasScannedForEncodings = 0;
			knownRegions = (
				en,
				Base,
			);
			mainGroup = 92DB1F272C3968B900B7D993;
			packageReferences = (
				92DB1F6E2C396CDA00B7D993 /* XCLocalSwiftPackageReference "../../VamaNetworking" */,
			);
			productRefGroup = 92DB1F312C3968B900B7D993 /* Products */;
			projectDirPath = "";
			projectRoot = "";
			targets = (
				92DB1F2F2C3968B900B7D993 /* VamaMovies */,
				92DB1F452C3968BB00B7D993 /* VamaMoviesTests */,
				92DB1F4F2C3968BB00B7D993 /* VamaMoviesUITests */,
			);
		};
/* End PBXProject section */

/* Begin PBXResourcesBuildPhase section */
		92DB1F2E2C3968B900B7D993 /* Resources */ = {
			isa = PBXResourcesBuildPhase;
			buildActionMask = 2147483647;
			files = (
				92DB1F3D2C3968BB00B7D993 /* Assets.xcassets in Resources */,
				92D57BFA2C3A007A001BC939 /* MovieDetailsViewController.storyboard in Resources */,
				92DB1F402C3968BB00B7D993 /* Base in Resources */,
				92DB1F3B2C3968B900B7D993 /* Base in Resources */,
			);
			runOnlyForDeploymentPostprocessing = 0;
		};
		92DB1F442C3968BB00B7D993 /* Resources */ = {
			isa = PBXResourcesBuildPhase;
			buildActionMask = 2147483647;
			files = (
			);
			runOnlyForDeploymentPostprocessing = 0;
		};
		92DB1F4E2C3968BB00B7D993 /* Resources */ = {
			isa = PBXResourcesBuildPhase;
			buildActionMask = 2147483647;
			files = (
			);
			runOnlyForDeploymentPostprocessing = 0;
		};
/* End PBXResourcesBuildPhase section */

/* Begin PBXSourcesBuildPhase section */
		92DB1F2C2C3968B900B7D993 /* Sources */ = {
			isa = PBXSourcesBuildPhase;
			buildActionMask = 2147483647;
			files = (
				92DB1F902C39750B00B7D993 /* NetworkConstants.swift in Sources */,
				92DB1F8B2C39731E00B7D993 /* MovieListRepository.swift in Sources */,
				92DB1F9C2C39875C00B7D993 /* AppCoordinator.swift in Sources */,
				92DB1F862C39725600B7D993 /* MovieModel.swift in Sources */,
				92DB1FAE2C39ED3A00B7D993 /* StoryboardInstantiable.swift in Sources */,
				92DB1F882C39726700B7D993 /* MovieDetailsModel.swift in Sources */,
				92DB1FB82C39FDD500B7D993 /* MovieDetailsViewModel.swift in Sources */,
				92DB1F9A2C3986B400B7D993 /* MovieViewFactory.swift in Sources */,
				92AC68B42C3B0B06005B1FD9 /* String+Extension.swift in Sources */,
				92DB1F7F2C39718700B7D993 /* MovieResultEntity.swift in Sources */,
				92DB1F932C39754A00B7D993 /* MovieListRequest.swift in Sources */,
				92AC68B22C3AF8D0005B1FD9 /* MovieSearchRequest.swift in Sources */,
				92DB1FAA2C398D6D00B7D993 /* UIImageView+Extension.swift in Sources */,
				92DB1F7B2C39715F00B7D993 /* MovieEntity.swift in Sources */,
				92DB1F832C3971CE00B7D993 /* MovieDetailsUseCase.swift in Sources */,
				92DB1FA32C39888700B7D993 /* MovieListViewController.swift in Sources */,
				92DB1F342C3968B900B7D993 /* AppDelegate.swift in Sources */,
				92DB1F772C396FAB00B7D993 /* MovieListUseCase.swift in Sources */,
				92DB1F8D2C39732500B7D993 /* MovieDetailsRepository.swift in Sources */,
				92DB1FB62C39FC6B00B7D993 /* MovieDetailsViewController.swift in Sources */,
				92AC68C52C3B5053005B1FD9 /* Double+Extension.swift in Sources */,
				92DB1F362C3968B900B7D993 /* SceneDelegate.swift in Sources */,
				92AC68C32C3B4C21005B1FD9 /* Int+Extension.swift in Sources */,
				92DB1F812C39719900B7D993 /* MovieDetailsEntity.swift in Sources */,
				92DB1F952C39757700B7D993 /* MovieDetailsRequest.swift in Sources */,
				92DB1FA72C398AA800B7D993 /* MovieCell.swift in Sources */,
				92DB1FA12C39884D00B7D993 /* MovieListViewModel.swift in Sources */,
			);
			runOnlyForDeploymentPostprocessing = 0;
		};
		92DB1F422C3968BB00B7D993 /* Sources */ = {
			isa = PBXSourcesBuildPhase;
			buildActionMask = 2147483647;
			files = (
				92AC68BB2C3B35D5005B1FD9 /* MovieListUseCaseMock.swift in Sources */,
				92AC68C12C3B429A005B1FD9 /* MovieDetailsUseCaseMock.swift in Sources */,
				92AC68BF2C3B4284005B1FD9 /* MovieDetailsViewModelTests.swift in Sources */,
				92AC68BD2C3B376A005B1FD9 /* MovieListViewModelTests.swift in Sources */,
			);
			runOnlyForDeploymentPostprocessing = 0;
		};
		92DB1F4C2C3968BB00B7D993 /* Sources */ = {
			isa = PBXSourcesBuildPhase;
			buildActionMask = 2147483647;
			files = (
				92DB1F572C3968BB00B7D993 /* VamaMoviesUITestsLaunchTests.swift in Sources */,
				92DB1F552C3968BB00B7D993 /* VamaMoviesUITests.swift in Sources */,
			);
			runOnlyForDeploymentPostprocessing = 0;
		};
/* End PBXSourcesBuildPhase section */

/* Begin PBXTargetDependency section */
		92DB1F482C3968BB00B7D993 /* PBXTargetDependency */ = {
			isa = PBXTargetDependency;
			target = 92DB1F2F2C3968B900B7D993 /* VamaMovies */;
			targetProxy = 92DB1F472C3968BB00B7D993 /* PBXContainerItemProxy */;
		};
		92DB1F522C3968BB00B7D993 /* PBXTargetDependency */ = {
			isa = PBXTargetDependency;
			target = 92DB1F2F2C3968B900B7D993 /* VamaMovies */;
			targetProxy = 92DB1F512C3968BB00B7D993 /* PBXContainerItemProxy */;
		};
/* End PBXTargetDependency section */

/* Begin PBXVariantGroup section */
		92DB1F392C3968B900B7D993 /* MovieListViewController.storyboard */ = {
			isa = PBXVariantGroup;
			children = (
				92DB1F3A2C3968B900B7D993 /* Base */,
			);
			name = MovieListViewController.storyboard;
			sourceTree = "<group>";
		};
		92DB1F3E2C3968BB00B7D993 /* LaunchScreen.storyboard */ = {
			isa = PBXVariantGroup;
			children = (
				92DB1F3F2C3968BB00B7D993 /* Base */,
			);
			name = LaunchScreen.storyboard;
			sourceTree = "<group>";
		};
/* End PBXVariantGroup section */

/* Begin XCBuildConfiguration section */
		92DB1F582C3968BB00B7D993 /* Debug */ = {
			isa = XCBuildConfiguration;
			buildSettings = {
				ALWAYS_SEARCH_USER_PATHS = NO;
				ASSETCATALOG_COMPILER_GENERATE_SWIFT_ASSET_SYMBOL_EXTENSIONS = YES;
				CLANG_ANALYZER_NONNULL = YES;
				CLANG_ANALYZER_NUMBER_OBJECT_CONVERSION = YES_AGGRESSIVE;
				CLANG_CXX_LANGUAGE_STANDARD = "gnu++20";
				CLANG_ENABLE_MODULES = YES;
				CLANG_ENABLE_OBJC_ARC = YES;
				CLANG_ENABLE_OBJC_WEAK = YES;
				CLANG_WARN_BLOCK_CAPTURE_AUTORELEASING = YES;
				CLANG_WARN_BOOL_CONVERSION = YES;
				CLANG_WARN_COMMA = YES;
				CLANG_WARN_CONSTANT_CONVERSION = YES;
				CLANG_WARN_DEPRECATED_OBJC_IMPLEMENTATIONS = YES;
				CLANG_WARN_DIRECT_OBJC_ISA_USAGE = YES_ERROR;
				CLANG_WARN_DOCUMENTATION_COMMENTS = YES;
				CLANG_WARN_EMPTY_BODY = YES;
				CLANG_WARN_ENUM_CONVERSION = YES;
				CLANG_WARN_INFINITE_RECURSION = YES;
				CLANG_WARN_INT_CONVERSION = YES;
				CLANG_WARN_NON_LITERAL_NULL_CONVERSION = YES;
				CLANG_WARN_OBJC_IMPLICIT_RETAIN_SELF = YES;
				CLANG_WARN_OBJC_LITERAL_CONVERSION = YES;
				CLANG_WARN_OBJC_ROOT_CLASS = YES_ERROR;
				CLANG_WARN_QUOTED_INCLUDE_IN_FRAMEWORK_HEADER = YES;
				CLANG_WARN_RANGE_LOOP_ANALYSIS = YES;
				CLANG_WARN_STRICT_PROTOTYPES = YES;
				CLANG_WARN_SUSPICIOUS_MOVE = YES;
				CLANG_WARN_UNGUARDED_AVAILABILITY = YES_AGGRESSIVE;
				CLANG_WARN_UNREACHABLE_CODE = YES;
				CLANG_WARN__DUPLICATE_METHOD_MATCH = YES;
				COPY_PHASE_STRIP = NO;
				DEBUG_INFORMATION_FORMAT = dwarf;
				ENABLE_STRICT_OBJC_MSGSEND = YES;
				ENABLE_TESTABILITY = YES;
				ENABLE_USER_SCRIPT_SANDBOXING = YES;
				GCC_C_LANGUAGE_STANDARD = gnu17;
				GCC_DYNAMIC_NO_PIC = NO;
				GCC_NO_COMMON_BLOCKS = YES;
				GCC_OPTIMIZATION_LEVEL = 0;
				GCC_PREPROCESSOR_DEFINITIONS = (
					"DEBUG=1",
					"$(inherited)",
				);
				GCC_WARN_64_TO_32_BIT_CONVERSION = YES;
				GCC_WARN_ABOUT_RETURN_TYPE = YES_ERROR;
				GCC_WARN_UNDECLARED_SELECTOR = YES;
				GCC_WARN_UNINITIALIZED_AUTOS = YES_AGGRESSIVE;
				GCC_WARN_UNUSED_FUNCTION = YES;
				GCC_WARN_UNUSED_VARIABLE = YES;
				IPHONEOS_DEPLOYMENT_TARGET = 17.5;
				LOCALIZATION_PREFERS_STRING_CATALOGS = YES;
				MTL_ENABLE_DEBUG_INFO = INCLUDE_SOURCE;
				MTL_FAST_MATH = YES;
				ONLY_ACTIVE_ARCH = YES;
				SDKROOT = iphoneos;
				SWIFT_ACTIVE_COMPILATION_CONDITIONS = "DEBUG $(inherited)";
				SWIFT_OPTIMIZATION_LEVEL = "-Onone";
			};
			name = Debug;
		};
		92DB1F592C3968BB00B7D993 /* Release */ = {
			isa = XCBuildConfiguration;
			buildSettings = {
				ALWAYS_SEARCH_USER_PATHS = NO;
				ASSETCATALOG_COMPILER_GENERATE_SWIFT_ASSET_SYMBOL_EXTENSIONS = YES;
				CLANG_ANALYZER_NONNULL = YES;
				CLANG_ANALYZER_NUMBER_OBJECT_CONVERSION = YES_AGGRESSIVE;
				CLANG_CXX_LANGUAGE_STANDARD = "gnu++20";
				CLANG_ENABLE_MODULES = YES;
				CLANG_ENABLE_OBJC_ARC = YES;
				CLANG_ENABLE_OBJC_WEAK = YES;
				CLANG_WARN_BLOCK_CAPTURE_AUTORELEASING = YES;
				CLANG_WARN_BOOL_CONVERSION = YES;
				CLANG_WARN_COMMA = YES;
				CLANG_WARN_CONSTANT_CONVERSION = YES;
				CLANG_WARN_DEPRECATED_OBJC_IMPLEMENTATIONS = YES;
				CLANG_WARN_DIRECT_OBJC_ISA_USAGE = YES_ERROR;
				CLANG_WARN_DOCUMENTATION_COMMENTS = YES;
				CLANG_WARN_EMPTY_BODY = YES;
				CLANG_WARN_ENUM_CONVERSION = YES;
				CLANG_WARN_INFINITE_RECURSION = YES;
				CLANG_WARN_INT_CONVERSION = YES;
				CLANG_WARN_NON_LITERAL_NULL_CONVERSION = YES;
				CLANG_WARN_OBJC_IMPLICIT_RETAIN_SELF = YES;
				CLANG_WARN_OBJC_LITERAL_CONVERSION = YES;
				CLANG_WARN_OBJC_ROOT_CLASS = YES_ERROR;
				CLANG_WARN_QUOTED_INCLUDE_IN_FRAMEWORK_HEADER = YES;
				CLANG_WARN_RANGE_LOOP_ANALYSIS = YES;
				CLANG_WARN_STRICT_PROTOTYPES = YES;
				CLANG_WARN_SUSPICIOUS_MOVE = YES;
				CLANG_WARN_UNGUARDED_AVAILABILITY = YES_AGGRESSIVE;
				CLANG_WARN_UNREACHABLE_CODE = YES;
				CLANG_WARN__DUPLICATE_METHOD_MATCH = YES;
				COPY_PHASE_STRIP = NO;
				DEBUG_INFORMATION_FORMAT = "dwarf-with-dsym";
				ENABLE_NS_ASSERTIONS = NO;
				ENABLE_STRICT_OBJC_MSGSEND = YES;
				ENABLE_USER_SCRIPT_SANDBOXING = YES;
				GCC_C_LANGUAGE_STANDARD = gnu17;
				GCC_NO_COMMON_BLOCKS = YES;
				GCC_WARN_64_TO_32_BIT_CONVERSION = YES;
				GCC_WARN_ABOUT_RETURN_TYPE = YES_ERROR;
				GCC_WARN_UNDECLARED_SELECTOR = YES;
				GCC_WARN_UNINITIALIZED_AUTOS = YES_AGGRESSIVE;
				GCC_WARN_UNUSED_FUNCTION = YES;
				GCC_WARN_UNUSED_VARIABLE = YES;
				IPHONEOS_DEPLOYMENT_TARGET = 17.5;
				LOCALIZATION_PREFERS_STRING_CATALOGS = YES;
				MTL_ENABLE_DEBUG_INFO = NO;
				MTL_FAST_MATH = YES;
				SDKROOT = iphoneos;
				SWIFT_COMPILATION_MODE = wholemodule;
				VALIDATE_PRODUCT = YES;
			};
			name = Release;
		};
		92DB1F5B2C3968BB00B7D993 /* Debug */ = {
			isa = XCBuildConfiguration;
			buildSettings = {
				ASSETCATALOG_COMPILER_APPICON_NAME = AppIcon;
				ASSETCATALOG_COMPILER_GLOBAL_ACCENT_COLOR_NAME = AccentColor;
				CODE_SIGN_STYLE = Automatic;
				CURRENT_PROJECT_VERSION = 1;
				DEVELOPMENT_TEAM = Y83TB2YS75;
				GENERATE_INFOPLIST_FILE = YES;
				INFOPLIST_FILE = VamaMovies/Resources/Info.plist;
				INFOPLIST_KEY_UIApplicationSupportsIndirectInputEvents = YES;
				INFOPLIST_KEY_UILaunchStoryboardName = LaunchScreen;
				INFOPLIST_KEY_UISupportedInterfaceOrientations_iPad = "UIInterfaceOrientationPortrait UIInterfaceOrientationPortraitUpsideDown UIInterfaceOrientationLandscapeLeft UIInterfaceOrientationLandscapeRight";
				INFOPLIST_KEY_UISupportedInterfaceOrientations_iPhone = "UIInterfaceOrientationPortrait UIInterfaceOrientationLandscapeLeft UIInterfaceOrientationLandscapeRight";
				LD_RUNPATH_SEARCH_PATHS = (
					"$(inherited)",
					"@executable_path/Frameworks",
				);
				MARKETING_VERSION = 1.0;
				PRODUCT_BUNDLE_IDENTIFIER = com.Vama.VamaMovies;
				PRODUCT_NAME = "$(TARGET_NAME)";
				SWIFT_EMIT_LOC_STRINGS = YES;
				SWIFT_VERSION = 5.0;
				TARGETED_DEVICE_FAMILY = "1,2";
			};
			name = Debug;
		};
		92DB1F5C2C3968BB00B7D993 /* Release */ = {
			isa = XCBuildConfiguration;
			buildSettings = {
				ASSETCATALOG_COMPILER_APPICON_NAME = AppIcon;
				ASSETCATALOG_COMPILER_GLOBAL_ACCENT_COLOR_NAME = AccentColor;
				CODE_SIGN_STYLE = Automatic;
				CURRENT_PROJECT_VERSION = 1;
				DEVELOPMENT_TEAM = Y83TB2YS75;
				GENERATE_INFOPLIST_FILE = YES;
				INFOPLIST_FILE = VamaMovies/Resources/Info.plist;
				INFOPLIST_KEY_UIApplicationSupportsIndirectInputEvents = YES;
				INFOPLIST_KEY_UILaunchStoryboardName = LaunchScreen;
				INFOPLIST_KEY_UISupportedInterfaceOrientations_iPad = "UIInterfaceOrientationPortrait UIInterfaceOrientationPortraitUpsideDown UIInterfaceOrientationLandscapeLeft UIInterfaceOrientationLandscapeRight";
				INFOPLIST_KEY_UISupportedInterfaceOrientations_iPhone = "UIInterfaceOrientationPortrait UIInterfaceOrientationLandscapeLeft UIInterfaceOrientationLandscapeRight";
				LD_RUNPATH_SEARCH_PATHS = (
					"$(inherited)",
					"@executable_path/Frameworks",
				);
				MARKETING_VERSION = 1.0;
				PRODUCT_BUNDLE_IDENTIFIER = com.Vama.VamaMovies;
				PRODUCT_NAME = "$(TARGET_NAME)";
				SWIFT_EMIT_LOC_STRINGS = YES;
				SWIFT_VERSION = 5.0;
				TARGETED_DEVICE_FAMILY = "1,2";
			};
			name = Release;
		};
		92DB1F5E2C3968BB00B7D993 /* Debug */ = {
			isa = XCBuildConfiguration;
			buildSettings = {
				ALWAYS_EMBED_SWIFT_STANDARD_LIBRARIES = YES;
				BUNDLE_LOADER = "$(TEST_HOST)";
				CODE_SIGN_STYLE = Automatic;
				CURRENT_PROJECT_VERSION = 1;
				DEVELOPMENT_TEAM = Y83TB2YS75;
				GENERATE_INFOPLIST_FILE = YES;
				IPHONEOS_DEPLOYMENT_TARGET = 17.5;
				MARKETING_VERSION = 1.0;
				PRODUCT_BUNDLE_IDENTIFIER = com.Vama.VamaMoviesTests;
				PRODUCT_NAME = "$(TARGET_NAME)";
				SWIFT_EMIT_LOC_STRINGS = NO;
				SWIFT_VERSION = 5.0;
				TARGETED_DEVICE_FAMILY = "1,2";
				TEST_HOST = "$(BUILT_PRODUCTS_DIR)/VamaMovies.app/$(BUNDLE_EXECUTABLE_FOLDER_PATH)/VamaMovies";
			};
			name = Debug;
		};
		92DB1F5F2C3968BB00B7D993 /* Release */ = {
			isa = XCBuildConfiguration;
			buildSettings = {
				ALWAYS_EMBED_SWIFT_STANDARD_LIBRARIES = YES;
				BUNDLE_LOADER = "$(TEST_HOST)";
				CODE_SIGN_STYLE = Automatic;
				CURRENT_PROJECT_VERSION = 1;
				DEVELOPMENT_TEAM = Y83TB2YS75;
				GENERATE_INFOPLIST_FILE = YES;
				IPHONEOS_DEPLOYMENT_TARGET = 17.5;
				MARKETING_VERSION = 1.0;
				PRODUCT_BUNDLE_IDENTIFIER = com.Vama.VamaMoviesTests;
				PRODUCT_NAME = "$(TARGET_NAME)";
				SWIFT_EMIT_LOC_STRINGS = NO;
				SWIFT_VERSION = 5.0;
				TARGETED_DEVICE_FAMILY = "1,2";
				TEST_HOST = "$(BUILT_PRODUCTS_DIR)/VamaMovies.app/$(BUNDLE_EXECUTABLE_FOLDER_PATH)/VamaMovies";
			};
			name = Release;
		};
		92DB1F612C3968BB00B7D993 /* Debug */ = {
			isa = XCBuildConfiguration;
			buildSettings = {
				ALWAYS_EMBED_SWIFT_STANDARD_LIBRARIES = YES;
				CODE_SIGN_STYLE = Automatic;
				CURRENT_PROJECT_VERSION = 1;
				DEVELOPMENT_TEAM = Y83TB2YS75;
				GENERATE_INFOPLIST_FILE = YES;
				MARKETING_VERSION = 1.0;
				PRODUCT_BUNDLE_IDENTIFIER = com.Vama.VamaMoviesUITests;
				PRODUCT_NAME = "$(TARGET_NAME)";
				SWIFT_EMIT_LOC_STRINGS = NO;
				SWIFT_VERSION = 5.0;
				TARGETED_DEVICE_FAMILY = "1,2";
				TEST_TARGET_NAME = VamaMovies;
			};
			name = Debug;
		};
		92DB1F622C3968BB00B7D993 /* Release */ = {
			isa = XCBuildConfiguration;
			buildSettings = {
				ALWAYS_EMBED_SWIFT_STANDARD_LIBRARIES = YES;
				CODE_SIGN_STYLE = Automatic;
				CURRENT_PROJECT_VERSION = 1;
				DEVELOPMENT_TEAM = Y83TB2YS75;
				GENERATE_INFOPLIST_FILE = YES;
				MARKETING_VERSION = 1.0;
				PRODUCT_BUNDLE_IDENTIFIER = com.Vama.VamaMoviesUITests;
				PRODUCT_NAME = "$(TARGET_NAME)";
				SWIFT_EMIT_LOC_STRINGS = NO;
				SWIFT_VERSION = 5.0;
				TARGETED_DEVICE_FAMILY = "1,2";
				TEST_TARGET_NAME = VamaMovies;
			};
			name = Release;
		};
/* End XCBuildConfiguration section */

/* Begin XCConfigurationList section */
		92DB1F2B2C3968B900B7D993 /* Build configuration list for PBXProject "VamaMovies" */ = {
			isa = XCConfigurationList;
			buildConfigurations = (
				92DB1F582C3968BB00B7D993 /* Debug */,
				92DB1F592C3968BB00B7D993 /* Release */,
			);
			defaultConfigurationIsVisible = 0;
			defaultConfigurationName = Release;
		};
		92DB1F5A2C3968BB00B7D993 /* Build configuration list for PBXNativeTarget "VamaMovies" */ = {
			isa = XCConfigurationList;
			buildConfigurations = (
				92DB1F5B2C3968BB00B7D993 /* Debug */,
				92DB1F5C2C3968BB00B7D993 /* Release */,
			);
			defaultConfigurationIsVisible = 0;
			defaultConfigurationName = Release;
		};
		92DB1F5D2C3968BB00B7D993 /* Build configuration list for PBXNativeTarget "VamaMoviesTests" */ = {
			isa = XCConfigurationList;
			buildConfigurations = (
				92DB1F5E2C3968BB00B7D993 /* Debug */,
				92DB1F5F2C3968BB00B7D993 /* Release */,
			);
			defaultConfigurationIsVisible = 0;
			defaultConfigurationName = Release;
		};
		92DB1F602C3968BB00B7D993 /* Build configuration list for PBXNativeTarget "VamaMoviesUITests" */ = {
			isa = XCConfigurationList;
			buildConfigurations = (
				92DB1F612C3968BB00B7D993 /* Debug */,
				92DB1F622C3968BB00B7D993 /* Release */,
			);
			defaultConfigurationIsVisible = 0;
			defaultConfigurationName = Release;
		};
/* End XCConfigurationList section */

/* Begin XCLocalSwiftPackageReference section */
		92DB1F6E2C396CDA00B7D993 /* XCLocalSwiftPackageReference "../../VamaNetworking" */ = {
			isa = XCLocalSwiftPackageReference;
			relativePath = ../../VamaNetworking;
		};
/* End XCLocalSwiftPackageReference section */

/* Begin XCSwiftPackageProductDependency section */
		92DB1F6F2C396D0200B7D993 /* VamaNetworking */ = {
			isa = XCSwiftPackageProductDependency;
			productName = VamaNetworking;
		};
/* End XCSwiftPackageProductDependency section */
	};
	rootObject = 92DB1F282C3968B900B7D993 /* Project object */;
}
